// !$*UTF8*$!
{
	archiveVersion = 1;
	classes = {
	};
	objectVersion = 50;
	objects = {

/* Begin PBXBuildFile section */
		49127998FC1AB3765A581BBE /* libPods-IosCommonDemoUITests.a in Frameworks */ = {isa = PBXBuildFile; fileRef = 7848FB0319A41D0B0DE54302 /* libPods-IosCommonDemoUITests.a */; };
		7202CFE7CC57D191FED62942 /* libPods-IosCommonDemo.a in Frameworks */ = {isa = PBXBuildFile; fileRef = 2CE0F5C2C04F66DAD2139175 /* libPods-IosCommonDemo.a */; };
		7A35D31C23C34A650010CD7E /* icon_arrow_leftsssa.png in Resources */ = {isa = PBXBuildFile; fileRef = 7A35D31B23C34A650010CD7E /* icon_arrow_leftsssa.png */; };
		7A35D31F23C363B20010CD7E /* BaseAppDelegate.m in Sources */ = {isa = PBXBuildFile; fileRef = 7A35D31D23C363B20010CD7E /* BaseAppDelegate.m */; };
		7A4A05D623AB7C800047E1F4 /* AppDelegate.m in Sources */ = {isa = PBXBuildFile; fileRef = 7A4A05D523AB7C800047E1F4 /* AppDelegate.m */; };
		7A4A05D923AB7C800047E1F4 /* SceneDelegate.m in Sources */ = {isa = PBXBuildFile; fileRef = 7A4A05D823AB7C800047E1F4 /* SceneDelegate.m */; };
		7A4A05DC23AB7C800047E1F4 /* ViewController.m in Sources */ = {isa = PBXBuildFile; fileRef = 7A4A05DB23AB7C800047E1F4 /* ViewController.m */; };
		7A4A05DF23AB7C800047E1F4 /* Main.storyboard in Resources */ = {isa = PBXBuildFile; fileRef = 7A4A05DD23AB7C800047E1F4 /* Main.storyboard */; };
		7A4A05E123AB7C810047E1F4 /* Assets.xcassets in Resources */ = {isa = PBXBuildFile; fileRef = 7A4A05E023AB7C810047E1F4 /* Assets.xcassets */; };
		7A4A05E423AB7C810047E1F4 /* LaunchScreen.storyboard in Resources */ = {isa = PBXBuildFile; fileRef = 7A4A05E223AB7C810047E1F4 /* LaunchScreen.storyboard */; };
		7A4A05E723AB7C810047E1F4 /* main.m in Sources */ = {isa = PBXBuildFile; fileRef = 7A4A05E623AB7C810047E1F4 /* main.m */; };
		7A4A05F123AB7C810047E1F4 /* IosCommonDemoUITests.m in Sources */ = {isa = PBXBuildFile; fileRef = 7A4A05F023AB7C810047E1F4 /* IosCommonDemoUITests.m */; };
		7A4A060023AB7E480047E1F4 /* BaseViewController.m in Sources */ = {isa = PBXBuildFile; fileRef = 7A4A05FF23AB7E480047E1F4 /* BaseViewController.m */; };
		7A4A060723AB9FA10047E1F4 /* UIView+Additions.m in Sources */ = {isa = PBXBuildFile; fileRef = 7A4A060523AB9FA10047E1F4 /* UIView+Additions.m */; };
		7A4A060A23ABA5D50047E1F4 /* ViewTools.m in Sources */ = {isa = PBXBuildFile; fileRef = 7A4A060923ABA5D50047E1F4 /* ViewTools.m */; };
		7A4A061323AC79F30047E1F4 /* navi_backImg@3x.png in Resources */ = {isa = PBXBuildFile; fileRef = 7A4A061123AC79F20047E1F4 /* navi_backImg@3x.png */; };
		7A4A061423AC79F30047E1F4 /* navi_backImg@2x.png in Resources */ = {isa = PBXBuildFile; fileRef = 7A4A061223AC79F30047E1F4 /* navi_backImg@2x.png */; };
		7A4A061923AC9DFE0047E1F4 /* LanAES.m in Sources */ = {isa = PBXBuildFile; fileRef = 7A4A061823AC9DFE0047E1F4 /* LanAES.m */; };
		7A5FAE5E23B49A9800F58BC6 /* AFHttpSessionClient.m in Sources */ = {isa = PBXBuildFile; fileRef = 7A5FAE5D23B49A9800F58BC6 /* AFHttpSessionClient.m */; };
		7A8BF1C423B0A54C004B165F /* BaseNavigationController.m in Sources */ = {isa = PBXBuildFile; fileRef = 7A8BF1C323B0A54B004B165F /* BaseNavigationController.m */; };
		7A8BF1C723B0AA39004B165F /* SecondViewController.m in Sources */ = {isa = PBXBuildFile; fileRef = 7A8BF1C623B0AA39004B165F /* SecondViewController.m */; };
		7A8BF1F723B0E45B004B165F /* TextNoDataView.m in Sources */ = {isa = PBXBuildFile; fileRef = 7A8BF1F623B0E45B004B165F /* TextNoDataView.m */; };
		7A8BF1FB23B1BD62004B165F /* TextNoDataView.xib in Resources */ = {isa = PBXBuildFile; fileRef = 7A8BF1FA23B1BD61004B165F /* TextNoDataView.xib */; };
		7A8BF1FF23B1C2F5004B165F /* TextAndImageView.m in Sources */ = {isa = PBXBuildFile; fileRef = 7A8BF1FE23B1C2F5004B165F /* TextAndImageView.m */; };
		7A8BF20123B1C301004B165F /* TextAndImageView.xib in Resources */ = {isa = PBXBuildFile; fileRef = 7A8BF20023B1C301004B165F /* TextAndImageView.xib */; };
		7A8BF20523B21675004B165F /* LoadingView.m in Sources */ = {isa = PBXBuildFile; fileRef = 7A8BF20423B21675004B165F /* LoadingView.m */; };
		7A8BF20723B21693004B165F /* LoadingView.xib in Resources */ = {isa = PBXBuildFile; fileRef = 7A8BF20623B21693004B165F /* LoadingView.xib */; };
/* End PBXBuildFile section */

/* Begin PBXContainerItemProxy section */
		7A4A05ED23AB7C810047E1F4 /* PBXContainerItemProxy */ = {
			isa = PBXContainerItemProxy;
			containerPortal = 7A4A05C923AB7C800047E1F4 /* Project object */;
			proxyType = 1;
			remoteGlobalIDString = 7A4A05D023AB7C800047E1F4;
			remoteInfo = IosCommonDemo;
		};
/* End PBXContainerItemProxy section */

/* Begin PBXFileReference section */
		0B51AE3A8F6EFD303591227A /* Pods-IosCommonDemoUITests.release.xcconfig */ = {isa = PBXFileReference; includeInIndex = 1; lastKnownFileType = text.xcconfig; name = "Pods-IosCommonDemoUITests.release.xcconfig"; path = "Pods/Target Support Files/Pods-IosCommonDemoUITests/Pods-IosCommonDemoUITests.release.xcconfig"; sourceTree = "<group>"; };
		0C4E171D98C94B67E6BB2141 /* Pods-IosCommonDemo.release.xcconfig */ = {isa = PBXFileReference; includeInIndex = 1; lastKnownFileType = text.xcconfig; name = "Pods-IosCommonDemo.release.xcconfig"; path = "Pods/Target Support Files/Pods-IosCommonDemo/Pods-IosCommonDemo.release.xcconfig"; sourceTree = "<group>"; };
		1F62AE39F6A213A314A73277 /* Pods-IosCommonDemoUITests.debug.xcconfig */ = {isa = PBXFileReference; includeInIndex = 1; lastKnownFileType = text.xcconfig; name = "Pods-IosCommonDemoUITests.debug.xcconfig"; path = "Pods/Target Support Files/Pods-IosCommonDemoUITests/Pods-IosCommonDemoUITests.debug.xcconfig"; sourceTree = "<group>"; };
		2CE0F5C2C04F66DAD2139175 /* libPods-IosCommonDemo.a */ = {isa = PBXFileReference; explicitFileType = archive.ar; includeInIndex = 0; path = "libPods-IosCommonDemo.a"; sourceTree = BUILT_PRODUCTS_DIR; };
		7848FB0319A41D0B0DE54302 /* libPods-IosCommonDemoUITests.a */ = {isa = PBXFileReference; explicitFileType = archive.ar; includeInIndex = 0; path = "libPods-IosCommonDemoUITests.a"; sourceTree = BUILT_PRODUCTS_DIR; };
		7A35D31B23C34A650010CD7E /* icon_arrow_leftsssa.png */ = {isa = PBXFileReference; lastKnownFileType = image.png; path = icon_arrow_leftsssa.png; sourceTree = "<group>"; };
		7A35D31D23C363B20010CD7E /* BaseAppDelegate.m */ = {isa = PBXFileReference; fileEncoding = 4; lastKnownFileType = sourcecode.c.objc; path = BaseAppDelegate.m; sourceTree = "<group>"; };
		7A35D31E23C363B20010CD7E /* BaseAppDelegate.h */ = {isa = PBXFileReference; fileEncoding = 4; lastKnownFileType = sourcecode.c.h; path = BaseAppDelegate.h; sourceTree = "<group>"; };
		7A4A05D123AB7C800047E1F4 /* IosCommonDemo.app */ = {isa = PBXFileReference; explicitFileType = wrapper.application; includeInIndex = 0; path = IosCommonDemo.app; sourceTree = BUILT_PRODUCTS_DIR; };
		7A4A05D423AB7C800047E1F4 /* AppDelegate.h */ = {isa = PBXFileReference; lastKnownFileType = sourcecode.c.h; path = AppDelegate.h; sourceTree = "<group>"; };
		7A4A05D523AB7C800047E1F4 /* AppDelegate.m */ = {isa = PBXFileReference; lastKnownFileType = sourcecode.c.objc; path = AppDelegate.m; sourceTree = "<group>"; };
		7A4A05D723AB7C800047E1F4 /* SceneDelegate.h */ = {isa = PBXFileReference; lastKnownFileType = sourcecode.c.h; path = SceneDelegate.h; sourceTree = "<group>"; };
		7A4A05D823AB7C800047E1F4 /* SceneDelegate.m */ = {isa = PBXFileReference; lastKnownFileType = sourcecode.c.objc; path = SceneDelegate.m; sourceTree = "<group>"; };
		7A4A05DA23AB7C800047E1F4 /* ViewController.h */ = {isa = PBXFileReference; lastKnownFileType = sourcecode.c.h; path = ViewController.h; sourceTree = "<group>"; };
		7A4A05DB23AB7C800047E1F4 /* ViewController.m */ = {isa = PBXFileReference; lastKnownFileType = sourcecode.c.objc; path = ViewController.m; sourceTree = "<group>"; };
		7A4A05DE23AB7C800047E1F4 /* Base */ = {isa = PBXFileReference; lastKnownFileType = file.storyboard; name = Base; path = Base.lproj/Main.storyboard; sourceTree = "<group>"; };
		7A4A05E023AB7C810047E1F4 /* Assets.xcassets */ = {isa = PBXFileReference; lastKnownFileType = folder.assetcatalog; path = Assets.xcassets; sourceTree = "<group>"; };
		7A4A05E323AB7C810047E1F4 /* Base */ = {isa = PBXFileReference; lastKnownFileType = file.storyboard; name = Base; path = Base.lproj/LaunchScreen.storyboard; sourceTree = "<group>"; };
		7A4A05E523AB7C810047E1F4 /* Info.plist */ = {isa = PBXFileReference; lastKnownFileType = text.plist.xml; path = Info.plist; sourceTree = "<group>"; };
		7A4A05E623AB7C810047E1F4 /* main.m */ = {isa = PBXFileReference; lastKnownFileType = sourcecode.c.objc; path = main.m; sourceTree = "<group>"; };
		7A4A05EC23AB7C810047E1F4 /* IosCommonDemoUITests.xctest */ = {isa = PBXFileReference; explicitFileType = wrapper.cfbundle; includeInIndex = 0; path = IosCommonDemoUITests.xctest; sourceTree = BUILT_PRODUCTS_DIR; };
		7A4A05F023AB7C810047E1F4 /* IosCommonDemoUITests.m */ = {isa = PBXFileReference; lastKnownFileType = sourcecode.c.objc; path = IosCommonDemoUITests.m; sourceTree = "<group>"; };
		7A4A05F223AB7C810047E1F4 /* Info.plist */ = {isa = PBXFileReference; lastKnownFileType = text.plist.xml; path = Info.plist; sourceTree = "<group>"; };
		7A4A05FE23AB7E480047E1F4 /* BaseViewController.h */ = {isa = PBXFileReference; lastKnownFileType = sourcecode.c.h; path = BaseViewController.h; sourceTree = "<group>"; };
		7A4A05FF23AB7E480047E1F4 /* BaseViewController.m */ = {isa = PBXFileReference; lastKnownFileType = sourcecode.c.objc; path = BaseViewController.m; sourceTree = "<group>"; };
		7A4A060223AB828B0047E1F4 /* Common.h */ = {isa = PBXFileReference; lastKnownFileType = sourcecode.c.h; path = Common.h; sourceTree = "<group>"; };
		7A4A060523AB9FA10047E1F4 /* UIView+Additions.m */ = {isa = PBXFileReference; fileEncoding = 4; lastKnownFileType = sourcecode.c.objc; path = "UIView+Additions.m"; sourceTree = "<group>"; };
		7A4A060623AB9FA10047E1F4 /* UIView+Additions.h */ = {isa = PBXFileReference; fileEncoding = 4; lastKnownFileType = sourcecode.c.h; path = "UIView+Additions.h"; sourceTree = "<group>"; };
		7A4A060823ABA5D50047E1F4 /* ViewTools.h */ = {isa = PBXFileReference; lastKnownFileType = sourcecode.c.h; path = ViewTools.h; sourceTree = "<group>"; };
		7A4A060923ABA5D50047E1F4 /* ViewTools.m */ = {isa = PBXFileReference; lastKnownFileType = sourcecode.c.objc; path = ViewTools.m; sourceTree = "<group>"; };
		7A4A061123AC79F20047E1F4 /* navi_backImg@3x.png */ = {isa = PBXFileReference; lastKnownFileType = image.png; path = "navi_backImg@3x.png"; sourceTree = "<group>"; };
		7A4A061223AC79F30047E1F4 /* navi_backImg@2x.png */ = {isa = PBXFileReference; lastKnownFileType = image.png; path = "navi_backImg@2x.png"; sourceTree = "<group>"; };
		7A4A061723AC9DFE0047E1F4 /* LanAES.h */ = {isa = PBXFileReference; fileEncoding = 4; lastKnownFileType = sourcecode.c.h; path = LanAES.h; sourceTree = "<group>"; };
		7A4A061823AC9DFE0047E1F4 /* LanAES.m */ = {isa = PBXFileReference; fileEncoding = 4; lastKnownFileType = sourcecode.c.objc; path = LanAES.m; sourceTree = "<group>"; };
		7A5FAE5C23B49A9700F58BC6 /* AFHttpSessionClient.h */ = {isa = PBXFileReference; fileEncoding = 4; lastKnownFileType = sourcecode.c.h; path = AFHttpSessionClient.h; sourceTree = "<group>"; };
		7A5FAE5D23B49A9800F58BC6 /* AFHttpSessionClient.m */ = {isa = PBXFileReference; fileEncoding = 4; lastKnownFileType = sourcecode.c.objc; path = AFHttpSessionClient.m; sourceTree = "<group>"; };
		7A8BF1C223B0A54B004B165F /* BaseNavigationController.h */ = {isa = PBXFileReference; lastKnownFileType = sourcecode.c.h; path = BaseNavigationController.h; sourceTree = "<group>"; };
		7A8BF1C323B0A54B004B165F /* BaseNavigationController.m */ = {isa = PBXFileReference; lastKnownFileType = sourcecode.c.objc; path = BaseNavigationController.m; sourceTree = "<group>"; };
		7A8BF1C523B0AA38004B165F /* SecondViewController.h */ = {isa = PBXFileReference; lastKnownFileType = sourcecode.c.h; path = SecondViewController.h; sourceTree = "<group>"; };
		7A8BF1C623B0AA39004B165F /* SecondViewController.m */ = {isa = PBXFileReference; lastKnownFileType = sourcecode.c.objc; path = SecondViewController.m; sourceTree = "<group>"; };
		7A8BF1F523B0E45B004B165F /* TextNoDataView.h */ = {isa = PBXFileReference; lastKnownFileType = sourcecode.c.h; path = TextNoDataView.h; sourceTree = "<group>"; };
		7A8BF1F623B0E45B004B165F /* TextNoDataView.m */ = {isa = PBXFileReference; lastKnownFileType = sourcecode.c.objc; path = TextNoDataView.m; sourceTree = "<group>"; };
		7A8BF1FA23B1BD61004B165F /* TextNoDataView.xib */ = {isa = PBXFileReference; lastKnownFileType = file.xib; path = TextNoDataView.xib; sourceTree = "<group>"; };
		7A8BF1FD23B1C2F5004B165F /* TextAndImageView.h */ = {isa = PBXFileReference; lastKnownFileType = sourcecode.c.h; path = TextAndImageView.h; sourceTree = "<group>"; };
		7A8BF1FE23B1C2F5004B165F /* TextAndImageView.m */ = {isa = PBXFileReference; lastKnownFileType = sourcecode.c.objc; path = TextAndImageView.m; sourceTree = "<group>"; };
		7A8BF20023B1C301004B165F /* TextAndImageView.xib */ = {isa = PBXFileReference; lastKnownFileType = file.xib; path = TextAndImageView.xib; sourceTree = "<group>"; };
		7A8BF20323B21675004B165F /* LoadingView.h */ = {isa = PBXFileReference; lastKnownFileType = sourcecode.c.h; path = LoadingView.h; sourceTree = "<group>"; };
		7A8BF20423B21675004B165F /* LoadingView.m */ = {isa = PBXFileReference; lastKnownFileType = sourcecode.c.objc; path = LoadingView.m; sourceTree = "<group>"; };
		7A8BF20623B21693004B165F /* LoadingView.xib */ = {isa = PBXFileReference; lastKnownFileType = file.xib; path = LoadingView.xib; sourceTree = "<group>"; };
		BC65EFB2C410CD2F0678EA10 /* Pods-IosCommonDemo.debug.xcconfig */ = {isa = PBXFileReference; includeInIndex = 1; lastKnownFileType = text.xcconfig; name = "Pods-IosCommonDemo.debug.xcconfig"; path = "Pods/Target Support Files/Pods-IosCommonDemo/Pods-IosCommonDemo.debug.xcconfig"; sourceTree = "<group>"; };
/* End PBXFileReference section */

/* Begin PBXFrameworksBuildPhase section */
		7A4A05CE23AB7C800047E1F4 /* Frameworks */ = {
			isa = PBXFrameworksBuildPhase;
			buildActionMask = 2147483647;
			files = (
				7202CFE7CC57D191FED62942 /* libPods-IosCommonDemo.a in Frameworks */,
			);
			runOnlyForDeploymentPostprocessing = 0;
		};
		7A4A05E923AB7C810047E1F4 /* Frameworks */ = {
			isa = PBXFrameworksBuildPhase;
			buildActionMask = 2147483647;
			files = (
				49127998FC1AB3765A581BBE /* libPods-IosCommonDemoUITests.a in Frameworks */,
			);
			runOnlyForDeploymentPostprocessing = 0;
		};
/* End PBXFrameworksBuildPhase section */

/* Begin PBXGroup section */
		56D4859B45F38B8DD2C80FAD /* Pods */ = {
			isa = PBXGroup;
			children = (
				BC65EFB2C410CD2F0678EA10 /* Pods-IosCommonDemo.debug.xcconfig */,
				0C4E171D98C94B67E6BB2141 /* Pods-IosCommonDemo.release.xcconfig */,
				1F62AE39F6A213A314A73277 /* Pods-IosCommonDemoUITests.debug.xcconfig */,
				0B51AE3A8F6EFD303591227A /* Pods-IosCommonDemoUITests.release.xcconfig */,
			);
			name = Pods;
			sourceTree = "<group>";
		};
		7A4A05C823AB7C800047E1F4 = {
			isa = PBXGroup;
			children = (
				7A4A05FB23AB7D5B0047E1F4 /* common */,
				7A4A05D323AB7C800047E1F4 /* IosCommonDemo */,
				7A4A05EF23AB7C810047E1F4 /* IosCommonDemoUITests */,
				7A4A05D223AB7C800047E1F4 /* Products */,
				56D4859B45F38B8DD2C80FAD /* Pods */,
				C486B5B7049B3947901CFC3D /* Frameworks */,
			);
			sourceTree = "<group>";
		};
		7A4A05D223AB7C800047E1F4 /* Products */ = {
			isa = PBXGroup;
			children = (
				7A4A05D123AB7C800047E1F4 /* IosCommonDemo.app */,
				7A4A05EC23AB7C810047E1F4 /* IosCommonDemoUITests.xctest */,
			);
			name = Products;
			sourceTree = "<group>";
		};
		7A4A05D323AB7C800047E1F4 /* IosCommonDemo */ = {
			isa = PBXGroup;
			children = (
				7A4A05D423AB7C800047E1F4 /* AppDelegate.h */,
				7A4A05D523AB7C800047E1F4 /* AppDelegate.m */,
				7A4A05D723AB7C800047E1F4 /* SceneDelegate.h */,
				7A4A05D823AB7C800047E1F4 /* SceneDelegate.m */,
				7A4A05DA23AB7C800047E1F4 /* ViewController.h */,
				7A4A05DB23AB7C800047E1F4 /* ViewController.m */,
				7A8BF1C523B0AA38004B165F /* SecondViewController.h */,
				7A8BF1C623B0AA39004B165F /* SecondViewController.m */,
				7A4A05DD23AB7C800047E1F4 /* Main.storyboard */,
				7A4A05E023AB7C810047E1F4 /* Assets.xcassets */,
				7A4A05E223AB7C810047E1F4 /* LaunchScreen.storyboard */,
				7A4A05E523AB7C810047E1F4 /* Info.plist */,
				7A4A05E623AB7C810047E1F4 /* main.m */,
			);
			path = IosCommonDemo;
			sourceTree = "<group>";
		};
		7A4A05EF23AB7C810047E1F4 /* IosCommonDemoUITests */ = {
			isa = PBXGroup;
			children = (
				7A4A05F023AB7C810047E1F4 /* IosCommonDemoUITests.m */,
				7A4A05F223AB7C810047E1F4 /* Info.plist */,
			);
			path = IosCommonDemoUITests;
			sourceTree = "<group>";
		};
		7A4A05FB23AB7D5B0047E1F4 /* common */ = {
			isa = PBXGroup;
			children = (
				7A4A060223AB828B0047E1F4 /* Common.h */,
				7A5FAE5B23B496A000F58BC6 /* net */,
				7A4A05FD23AB7DAA0047E1F4 /* base */,
				7A4A061623AC9DF20047E1F4 /* util */,
				7A4A061523AC79F70047E1F4 /* 图片 */,
				7A4A060423AB9F890047E1F4 /* categories */,
				7A4A05FC23AB7DA20047E1F4 /* view */,
			);
			path = common;
			sourceTree = "<group>";
		};
		7A4A05FC23AB7DA20047E1F4 /* view */ = {
			isa = PBXGroup;
			children = (
				7A8BF1EC23B0E374004B165F /* empty */,
				7A4A060823ABA5D50047E1F4 /* ViewTools.h */,
				7A4A060923ABA5D50047E1F4 /* ViewTools.m */,
			);
			path = view;
			sourceTree = "<group>";
		};
		7A4A05FD23AB7DAA0047E1F4 /* base */ = {
			isa = PBXGroup;
			children = (
				7A35D31E23C363B20010CD7E /* BaseAppDelegate.h */,
				7A35D31D23C363B20010CD7E /* BaseAppDelegate.m */,
				7A4A05FE23AB7E480047E1F4 /* BaseViewController.h */,
				7A4A05FF23AB7E480047E1F4 /* BaseViewController.m */,
				7A8BF1C223B0A54B004B165F /* BaseNavigationController.h */,
				7A8BF1C323B0A54B004B165F /* BaseNavigationController.m */,
			);
			path = base;
			sourceTree = "<group>";
		};
		7A4A060423AB9F890047E1F4 /* categories */ = {
			isa = PBXGroup;
			children = (
				7A4A060623AB9FA10047E1F4 /* UIView+Additions.h */,
				7A4A060523AB9FA10047E1F4 /* UIView+Additions.m */,
			);
			path = categories;
			sourceTree = "<group>";
		};
		7A4A061523AC79F70047E1F4 /* 图片 */ = {
			isa = PBXGroup;
			children = (
				7A35D31B23C34A650010CD7E /* icon_arrow_leftsssa.png */,
				7A4A061223AC79F30047E1F4 /* navi_backImg@2x.png */,
				7A4A061123AC79F20047E1F4 /* navi_backImg@3x.png */,
			);
			path = "图片";
			sourceTree = "<group>";
		};
		7A4A061623AC9DF20047E1F4 /* util */ = {
			isa = PBXGroup;
			children = (
				7A4A061723AC9DFE0047E1F4 /* LanAES.h */,
				7A4A061823AC9DFE0047E1F4 /* LanAES.m */,
			);
			path = util;
			sourceTree = "<group>";
		};
		7A5FAE5B23B496A000F58BC6 /* net */ = {
			isa = PBXGroup;
			children = (
				7A5FAE5C23B49A9700F58BC6 /* AFHttpSessionClient.h */,
				7A5FAE5D23B49A9800F58BC6 /* AFHttpSessionClient.m */,
			);
			path = net;
			sourceTree = "<group>";
		};
		7A8BF1EC23B0E374004B165F /* empty */ = {
			isa = PBXGroup;
			children = (
				7A8BF20223B21660004B165F /* loadview */,
				7A8BF1FC23B1C2E1004B165F /* textAndImg */,
				7A8BF1ED23B0E3EF004B165F /* textNoData */,
			);
			path = empty;
			sourceTree = "<group>";
		};
		7A8BF1ED23B0E3EF004B165F /* textNoData */ = {
			isa = PBXGroup;
			children = (
				7A8BF1F523B0E45B004B165F /* TextNoDataView.h */,
				7A8BF1F623B0E45B004B165F /* TextNoDataView.m */,
				7A8BF1FA23B1BD61004B165F /* TextNoDataView.xib */,
			);
			path = textNoData;
			sourceTree = "<group>";
		};
		7A8BF1FC23B1C2E1004B165F /* textAndImg */ = {
			isa = PBXGroup;
			children = (
				7A8BF1FD23B1C2F5004B165F /* TextAndImageView.h */,
				7A8BF1FE23B1C2F5004B165F /* TextAndImageView.m */,
				7A8BF20023B1C301004B165F /* TextAndImageView.xib */,
			);
			path = textAndImg;
			sourceTree = "<group>";
		};
		7A8BF20223B21660004B165F /* loadview */ = {
			isa = PBXGroup;
			children = (
				7A8BF20323B21675004B165F /* LoadingView.h */,
				7A8BF20423B21675004B165F /* LoadingView.m */,
				7A8BF20623B21693004B165F /* LoadingView.xib */,
			);
			path = loadview;
			sourceTree = "<group>";
		};
		C486B5B7049B3947901CFC3D /* Frameworks */ = {
			isa = PBXGroup;
			children = (
				2CE0F5C2C04F66DAD2139175 /* libPods-IosCommonDemo.a */,
				7848FB0319A41D0B0DE54302 /* libPods-IosCommonDemoUITests.a */,
			);
			name = Frameworks;
			sourceTree = "<group>";
		};
/* End PBXGroup section */

/* Begin PBXNativeTarget section */
		7A4A05D023AB7C800047E1F4 /* IosCommonDemo */ = {
			isa = PBXNativeTarget;
			buildConfigurationList = 7A4A05F523AB7C810047E1F4 /* Build configuration list for PBXNativeTarget "IosCommonDemo" */;
			buildPhases = (
				F97A6B56B2889030CDBA7B23 /* [CP] Check Pods Manifest.lock */,
				7A4A05CD23AB7C800047E1F4 /* Sources */,
				7A4A05CE23AB7C800047E1F4 /* Frameworks */,
				7A4A05CF23AB7C800047E1F4 /* Resources */,
				6DBA192E1019D3E146EB9554 /* [CP] Embed Pods Frameworks */,
				A5199183581ADA3CE4E5578B /* [CP] Copy Pods Resources */,
			);
			buildRules = (
			);
			dependencies = (
			);
			name = IosCommonDemo;
			productName = IosCommonDemo;
			productReference = 7A4A05D123AB7C800047E1F4 /* IosCommonDemo.app */;
			productType = "com.apple.product-type.application";
		};
		7A4A05EB23AB7C810047E1F4 /* IosCommonDemoUITests */ = {
			isa = PBXNativeTarget;
			buildConfigurationList = 7A4A05F823AB7C810047E1F4 /* Build configuration list for PBXNativeTarget "IosCommonDemoUITests" */;
			buildPhases = (
				1E72E8776B4B016585C6B26A /* [CP] Check Pods Manifest.lock */,
				7A4A05E823AB7C810047E1F4 /* Sources */,
				7A4A05E923AB7C810047E1F4 /* Frameworks */,
				7A4A05EA23AB7C810047E1F4 /* Resources */,
				37657DFB6D5307FE227DC34F /* [CP] Embed Pods Frameworks */,
				4C1214928040F1126E96C4DF /* [CP] Copy Pods Resources */,
			);
			buildRules = (
			);
			dependencies = (
				7A4A05EE23AB7C810047E1F4 /* PBXTargetDependency */,
			);
			name = IosCommonDemoUITests;
			productName = IosCommonDemoUITests;
			productReference = 7A4A05EC23AB7C810047E1F4 /* IosCommonDemoUITests.xctest */;
			productType = "com.apple.product-type.bundle.ui-testing";
		};
/* End PBXNativeTarget section */

/* Begin PBXProject section */
		7A4A05C923AB7C800047E1F4 /* Project object */ = {
			isa = PBXProject;
			attributes = {
				LastUpgradeCheck = 1110;
				ORGANIZATIONNAME = "张小明";
				TargetAttributes = {
					7A4A05D023AB7C800047E1F4 = {
						CreatedOnToolsVersion = 11.1;
					};
					7A4A05EB23AB7C810047E1F4 = {
						CreatedOnToolsVersion = 11.1;
						TestTargetID = 7A4A05D023AB7C800047E1F4;
					};
				};
			};
			buildConfigurationList = 7A4A05CC23AB7C800047E1F4 /* Build configuration list for PBXProject "IosCommonDemo" */;
			compatibilityVersion = "Xcode 9.3";
			developmentRegion = en;
			hasScannedForEncodings = 0;
			knownRegions = (
				en,
				Base,
			);
			mainGroup = 7A4A05C823AB7C800047E1F4;
			productRefGroup = 7A4A05D223AB7C800047E1F4 /* Products */;
			projectDirPath = "";
			projectRoot = "";
			targets = (
				7A4A05D023AB7C800047E1F4 /* IosCommonDemo */,
				7A4A05EB23AB7C810047E1F4 /* IosCommonDemoUITests */,
			);
		};
/* End PBXProject section */

/* Begin PBXResourcesBuildPhase section */
		7A4A05CF23AB7C800047E1F4 /* Resources */ = {
			isa = PBXResourcesBuildPhase;
			buildActionMask = 2147483647;
			files = (
				7A4A05E423AB7C810047E1F4 /* LaunchScreen.storyboard in Resources */,
				7A8BF1FB23B1BD62004B165F /* TextNoDataView.xib in Resources */,
				7A4A061423AC79F30047E1F4 /* navi_backImg@2x.png in Resources */,
				7A8BF20123B1C301004B165F /* TextAndImageView.xib in Resources */,
				7A4A061323AC79F30047E1F4 /* navi_backImg@3x.png in Resources */,
				7A8BF20723B21693004B165F /* LoadingView.xib in Resources */,
				7A4A05E123AB7C810047E1F4 /* Assets.xcassets in Resources */,
				7A35D31C23C34A650010CD7E /* icon_arrow_leftsssa.png in Resources */,
				7A4A05DF23AB7C800047E1F4 /* Main.storyboard in Resources */,
			);
			runOnlyForDeploymentPostprocessing = 0;
		};
		7A4A05EA23AB7C810047E1F4 /* Resources */ = {
			isa = PBXResourcesBuildPhase;
			buildActionMask = 2147483647;
			files = (
			);
			runOnlyForDeploymentPostprocessing = 0;
		};
/* End PBXResourcesBuildPhase section */

/* Begin PBXShellScriptBuildPhase section */
		1E72E8776B4B016585C6B26A /* [CP] Check Pods Manifest.lock */ = {
			isa = PBXShellScriptBuildPhase;
			buildActionMask = 2147483647;
			files = (
			);
			inputPaths = (
			);
			name = "[CP] Check Pods Manifest.lock";
			outputPaths = (
			);
			runOnlyForDeploymentPostprocessing = 0;
			shellPath = /bin/sh;
			shellScript = "diff \"${PODS_ROOT}/../Podfile.lock\" \"${PODS_ROOT}/Manifest.lock\" > /dev/null\nif [ $? != 0 ] ; then\n    # print error to STDERR\n    echo \"error: The sandbox is not in sync with the Podfile.lock. Run 'pod install' or update your CocoaPods installation.\" >&2\n    exit 1\nfi\n";
			showEnvVarsInLog = 0;
		};
		37657DFB6D5307FE227DC34F /* [CP] Embed Pods Frameworks */ = {
			isa = PBXShellScriptBuildPhase;
			buildActionMask = 2147483647;
			files = (
			);
			inputPaths = (
			);
			name = "[CP] Embed Pods Frameworks";
			outputPaths = (
			);
			runOnlyForDeploymentPostprocessing = 0;
			shellPath = /bin/sh;
			shellScript = "\"${SRCROOT}/Pods/Target Support Files/Pods-IosCommonDemoUITests/Pods-IosCommonDemoUITests-frameworks.sh\"\n";
			showEnvVarsInLog = 0;
		};
		4C1214928040F1126E96C4DF /* [CP] Copy Pods Resources */ = {
			isa = PBXShellScriptBuildPhase;
			buildActionMask = 2147483647;
			files = (
			);
			inputPaths = (
			);
			name = "[CP] Copy Pods Resources";
			outputPaths = (
			);
			runOnlyForDeploymentPostprocessing = 0;
			shellPath = /bin/sh;
			shellScript = "\"${SRCROOT}/Pods/Target Support Files/Pods-IosCommonDemoUITests/Pods-IosCommonDemoUITests-resources.sh\"\n";
			showEnvVarsInLog = 0;
		};
		6DBA192E1019D3E146EB9554 /* [CP] Embed Pods Frameworks */ = {
			isa = PBXShellScriptBuildPhase;
			buildActionMask = 2147483647;
			files = (
			);
			inputPaths = (
			);
			name = "[CP] Embed Pods Frameworks";
			outputPaths = (
			);
			runOnlyForDeploymentPostprocessing = 0;
			shellPath = /bin/sh;
			shellScript = "\"${SRCROOT}/Pods/Target Support Files/Pods-IosCommonDemo/Pods-IosCommonDemo-frameworks.sh\"\n";
			showEnvVarsInLog = 0;
		};
		A5199183581ADA3CE4E5578B /* [CP] Copy Pods Resources */ = {
			isa = PBXShellScriptBuildPhase;
			buildActionMask = 2147483647;
			files = (
			);
			inputPaths = (
			);
			name = "[CP] Copy Pods Resources";
			outputPaths = (
			);
			runOnlyForDeploymentPostprocessing = 0;
			shellPath = /bin/sh;
			shellScript = "\"${SRCROOT}/Pods/Target Support Files/Pods-IosCommonDemo/Pods-IosCommonDemo-resources.sh\"\n";
			showEnvVarsInLog = 0;
		};
		F97A6B56B2889030CDBA7B23 /* [CP] Check Pods Manifest.lock */ = {
			isa = PBXShellScriptBuildPhase;
			buildActionMask = 2147483647;
			files = (
			);
			inputPaths = (
			);
			name = "[CP] Check Pods Manifest.lock";
			outputPaths = (
			);
			runOnlyForDeploymentPostprocessing = 0;
			shellPath = /bin/sh;
			shellScript = "diff \"${PODS_ROOT}/../Podfile.lock\" \"${PODS_ROOT}/Manifest.lock\" > /dev/null\nif [ $? != 0 ] ; then\n    # print error to STDERR\n    echo \"error: The sandbox is not in sync with the Podfile.lock. Run 'pod install' or update your CocoaPods installation.\" >&2\n    exit 1\nfi\n";
			showEnvVarsInLog = 0;
		};
/* End PBXShellScriptBuildPhase section */

/* Begin PBXSourcesBuildPhase section */
		7A4A05CD23AB7C800047E1F4 /* Sources */ = {
			isa = PBXSourcesBuildPhase;
			buildActionMask = 2147483647;
			files = (
				7A8BF1C723B0AA39004B165F /* SecondViewController.m in Sources */,
				7A8BF20523B21675004B165F /* LoadingView.m in Sources */,
				7A4A061923AC9DFE0047E1F4 /* LanAES.m in Sources */,
				7A8BF1C423B0A54C004B165F /* BaseNavigationController.m in Sources */,
				7A4A060723AB9FA10047E1F4 /* UIView+Additions.m in Sources */,
				7A35D31F23C363B20010CD7E /* BaseAppDelegate.m in Sources */,
				7A8BF1F723B0E45B004B165F /* TextNoDataView.m in Sources */,
				7A8BF1FF23B1C2F5004B165F /* TextAndImageView.m in Sources */,
				7A4A05DC23AB7C800047E1F4 /* ViewController.m in Sources */,
				7A5FAE5E23B49A9800F58BC6 /* AFHttpSessionClient.m in Sources */,
				7A4A060023AB7E480047E1F4 /* BaseViewController.m in Sources */,
				7A4A05D623AB7C800047E1F4 /* AppDelegate.m in Sources */,
				7A4A060A23ABA5D50047E1F4 /* ViewTools.m in Sources */,
				7A4A05E723AB7C810047E1F4 /* main.m in Sources */,
				7A4A05D923AB7C800047E1F4 /* SceneDelegate.m in Sources */,
			);
			runOnlyForDeploymentPostprocessing = 0;
		};
		7A4A05E823AB7C810047E1F4 /* Sources */ = {
			isa = PBXSourcesBuildPhase;
			buildActionMask = 2147483647;
			files = (
				7A4A05F123AB7C810047E1F4 /* IosCommonDemoUITests.m in Sources */,
			);
			runOnlyForDeploymentPostprocessing = 0;
		};
/* End PBXSourcesBuildPhase section */

/* Begin PBXTargetDependency section */
		7A4A05EE23AB7C810047E1F4 /* PBXTargetDependency */ = {
			isa = PBXTargetDependency;
			target = 7A4A05D023AB7C800047E1F4 /* IosCommonDemo */;
			targetProxy = 7A4A05ED23AB7C810047E1F4 /* PBXContainerItemProxy */;
		};
/* End PBXTargetDependency section */

/* Begin PBXVariantGroup section */
		7A4A05DD23AB7C800047E1F4 /* Main.storyboard */ = {
			isa = PBXVariantGroup;
			children = (
				7A4A05DE23AB7C800047E1F4 /* Base */,
			);
			name = Main.storyboard;
			sourceTree = "<group>";
		};
		7A4A05E223AB7C810047E1F4 /* LaunchScreen.storyboard */ = {
			isa = PBXVariantGroup;
			children = (
				7A4A05E323AB7C810047E1F4 /* Base */,
			);
			name = LaunchScreen.storyboard;
			sourceTree = "<group>";
		};
/* End PBXVariantGroup section */

/* Begin XCBuildConfiguration section */
		7A4A05F323AB7C810047E1F4 /* Debug */ = {
			isa = XCBuildConfiguration;
			buildSettings = {
				ALWAYS_SEARCH_USER_PATHS = NO;
				CLANG_ANALYZER_NONNULL = YES;
				CLANG_ANALYZER_NUMBER_OBJECT_CONVERSION = YES_AGGRESSIVE;
				CLANG_CXX_LANGUAGE_STANDARD = "gnu++14";
				CLANG_CXX_LIBRARY = "libc++";
				CLANG_ENABLE_MODULES = YES;
				CLANG_ENABLE_OBJC_ARC = YES;
				CLANG_ENABLE_OBJC_WEAK = YES;
				CLANG_WARN_BLOCK_CAPTURE_AUTORELEASING = YES;
				CLANG_WARN_BOOL_CONVERSION = YES;
				CLANG_WARN_COMMA = YES;
				CLANG_WARN_CONSTANT_CONVERSION = YES;
				CLANG_WARN_DEPRECATED_OBJC_IMPLEMENTATIONS = YES;
				CLANG_WARN_DIRECT_OBJC_ISA_USAGE = YES_ERROR;
				CLANG_WARN_DOCUMENTATION_COMMENTS = YES;
				CLANG_WARN_EMPTY_BODY = YES;
				CLANG_WARN_ENUM_CONVERSION = YES;
				CLANG_WARN_INFINITE_RECURSION = YES;
				CLANG_WARN_INT_CONVERSION = YES;
				CLANG_WARN_NON_LITERAL_NULL_CONVERSION = YES;
				CLANG_WARN_OBJC_IMPLICIT_RETAIN_SELF = YES;
				CLANG_WARN_OBJC_LITERAL_CONVERSION = YES;
				CLANG_WARN_OBJC_ROOT_CLASS = YES_ERROR;
				CLANG_WARN_RANGE_LOOP_ANALYSIS = YES;
				CLANG_WARN_STRICT_PROTOTYPES = YES;
				CLANG_WARN_SUSPICIOUS_MOVE = YES;
				CLANG_WARN_UNGUARDED_AVAILABILITY = YES_AGGRESSIVE;
				CLANG_WARN_UNREACHABLE_CODE = YES;
				CLANG_WARN__DUPLICATE_METHOD_MATCH = YES;
				COPY_PHASE_STRIP = NO;
				DEBUG_INFORMATION_FORMAT = dwarf;
				ENABLE_STRICT_OBJC_MSGSEND = YES;
				ENABLE_TESTABILITY = YES;
				GCC_C_LANGUAGE_STANDARD = gnu11;
				GCC_DYNAMIC_NO_PIC = NO;
				GCC_NO_COMMON_BLOCKS = YES;
				GCC_OPTIMIZATION_LEVEL = 0;
				GCC_PREPROCESSOR_DEFINITIONS = (
					"DEBUG=1",
					"$(inherited)",
				);
				GCC_WARN_64_TO_32_BIT_CONVERSION = YES;
				GCC_WARN_ABOUT_RETURN_TYPE = YES_ERROR;
				GCC_WARN_UNDECLARED_SELECTOR = YES;
				GCC_WARN_UNINITIALIZED_AUTOS = YES_AGGRESSIVE;
				GCC_WARN_UNUSED_FUNCTION = YES;
				GCC_WARN_UNUSED_VARIABLE = YES;
				IPHONEOS_DEPLOYMENT_TARGET = 9.0;
				MTL_ENABLE_DEBUG_INFO = INCLUDE_SOURCE;
				MTL_FAST_MATH = YES;
				ONLY_ACTIVE_ARCH = YES;
				SDKROOT = iphoneos;
			};
			name = Debug;
		};
		7A4A05F423AB7C810047E1F4 /* Release */ = {
			isa = XCBuildConfiguration;
			buildSettings = {
				ALWAYS_SEARCH_USER_PATHS = NO;
				CLANG_ANALYZER_NONNULL = YES;
				CLANG_ANALYZER_NUMBER_OBJECT_CONVERSION = YES_AGGRESSIVE;
				CLANG_CXX_LANGUAGE_STANDARD = "gnu++14";
				CLANG_CXX_LIBRARY = "libc++";
				CLANG_ENABLE_MODULES = YES;
				CLANG_ENABLE_OBJC_ARC = YES;
				CLANG_ENABLE_OBJC_WEAK = YES;
				CLANG_WARN_BLOCK_CAPTURE_AUTORELEASING = YES;
				CLANG_WARN_BOOL_CONVERSION = YES;
				CLANG_WARN_COMMA = YES;
				CLANG_WARN_CONSTANT_CONVERSION = YES;
				CLANG_WARN_DEPRECATED_OBJC_IMPLEMENTATIONS = YES;
				CLANG_WARN_DIRECT_OBJC_ISA_USAGE = YES_ERROR;
				CLANG_WARN_DOCUMENTATION_COMMENTS = YES;
				CLANG_WARN_EMPTY_BODY = YES;
				CLANG_WARN_ENUM_CONVERSION = YES;
				CLANG_WARN_INFINITE_RECURSION = YES;
				CLANG_WARN_INT_CONVERSION = YES;
				CLANG_WARN_NON_LITERAL_NULL_CONVERSION = YES;
				CLANG_WARN_OBJC_IMPLICIT_RETAIN_SELF = YES;
				CLANG_WARN_OBJC_LITERAL_CONVERSION = YES;
				CLANG_WARN_OBJC_ROOT_CLASS = YES_ERROR;
				CLANG_WARN_RANGE_LOOP_ANALYSIS = YES;
				CLANG_WARN_STRICT_PROTOTYPES = YES;
				CLANG_WARN_SUSPICIOUS_MOVE = YES;
				CLANG_WARN_UNGUARDED_AVAILABILITY = YES_AGGRESSIVE;
				CLANG_WARN_UNREACHABLE_CODE = YES;
				CLANG_WARN__DUPLICATE_METHOD_MATCH = YES;
				COPY_PHASE_STRIP = NO;
				DEBUG_INFORMATION_FORMAT = "dwarf-with-dsym";
				ENABLE_NS_ASSERTIONS = NO;
				ENABLE_STRICT_OBJC_MSGSEND = YES;
				GCC_C_LANGUAGE_STANDARD = gnu11;
				GCC_NO_COMMON_BLOCKS = YES;
				GCC_WARN_64_TO_32_BIT_CONVERSION = YES;
				GCC_WARN_ABOUT_RETURN_TYPE = YES_ERROR;
				GCC_WARN_UNDECLARED_SELECTOR = YES;
				GCC_WARN_UNINITIALIZED_AUTOS = YES_AGGRESSIVE;
				GCC_WARN_UNUSED_FUNCTION = YES;
				GCC_WARN_UNUSED_VARIABLE = YES;
				IPHONEOS_DEPLOYMENT_TARGET = 9.0;
				MTL_ENABLE_DEBUG_INFO = NO;
				MTL_FAST_MATH = YES;
				SDKROOT = iphoneos;
				VALIDATE_PRODUCT = YES;
			};
			name = Release;
		};
		7A4A05F623AB7C810047E1F4 /* Debug */ = {
			isa = XCBuildConfiguration;
			baseConfigurationReference = BC65EFB2C410CD2F0678EA10 /* Pods-IosCommonDemo.debug.xcconfig */;
			buildSettings = {
				ASSETCATALOG_COMPILER_APPICON_NAME = AppIcon;
				CODE_SIGN_STYLE = Automatic;
				DEVELOPMENT_TEAM = HSMBZL9GA9;
				INFOPLIST_FILE = IosCommonDemo/Info.plist;
				LD_RUNPATH_SEARCH_PATHS = (
					"$(inherited)",
					"@executable_path/Frameworks",
				);
				PRODUCT_BUNDLE_IDENTIFIER = com.super.pwd.IosCommonDemo;
				PRODUCT_NAME = "$(TARGET_NAME)";
				TARGETED_DEVICE_FAMILY = 1;
			};
			name = Debug;
		};
		7A4A05F723AB7C810047E1F4 /* Release */ = {
			isa = XCBuildConfiguration;
			baseConfigurationReference = 0C4E171D98C94B67E6BB2141 /* Pods-IosCommonDemo.release.xcconfig */;
			buildSettings = {
				ASSETCATALOG_COMPILER_APPICON_NAME = AppIcon;
				CODE_SIGN_IDENTITY = "Apple Development";
				CODE_SIGN_STYLE = Automatic;
				DEVELOPMENT_TEAM = "";
				INFOPLIST_FILE = IosCommonDemo/Info.plist;
				LD_RUNPATH_SEARCH_PATHS = (
					"$(inherited)",
					"@executable_path/Frameworks",
				);
				PRODUCT_BUNDLE_IDENTIFIER = com.super.pwd.IosCommonDemo;
				PRODUCT_NAME = "$(TARGET_NAME)";
				PROVISIONING_PROFILE_SPECIFIER = "";
				TARGETED_DEVICE_FAMILY = 1;
			};
			name = Release;
		};
		7A4A05F923AB7C810047E1F4 /* Debug */ = {
			isa = XCBuildConfiguration;
			baseConfigurationReference = 1F62AE39F6A213A314A73277 /* Pods-IosCommonDemoUITests.debug.xcconfig */;
			buildSettings = {
				CODE_SIGN_STYLE = Automatic;
				DEVELOPMENT_TEAM = ZCPFHD2S38;
				INFOPLIST_FILE = IosCommonDemoUITests/Info.plist;
				LD_RUNPATH_SEARCH_PATHS = (
					"$(inherited)",
					"@executable_path/Frameworks",
					"@loader_path/Frameworks",
				);
				PRODUCT_BUNDLE_IDENTIFIER = com.super.pwd.IosCommonDemoUITests;
				PRODUCT_NAME = "$(TARGET_NAME)";
				TARGETED_DEVICE_FAMILY = "1,2";
				TEST_TARGET_NAME = IosCommonDemo;
			};
			name = Debug;
		};
		7A4A05FA23AB7C810047E1F4 /* Release */ = {
			isa = XCBuildConfiguration;
			baseConfigurationReference = 0B51AE3A8F6EFD303591227A /* Pods-IosCommonDemoUITests.release.xcconfig */;
			buildSettings = {
				CODE_SIGN_STYLE = Automatic;
				DEVELOPMENT_TEAM = ZCPFHD2S38;
				INFOPLIST_FILE = IosCommonDemoUITests/Info.plist;
				LD_RUNPATH_SEARCH_PATHS = (
					"$(inherited)",
					"@executable_path/Frameworks",
					"@loader_path/Frameworks",
				);
				PRODUCT_BUNDLE_IDENTIFIER = com.super.pwd.IosCommonDemoUITests;
				PRODUCT_NAME = "$(TARGET_NAME)";
				TARGETED_DEVICE_FAMILY = "1,2";
				TEST_TARGET_NAME = IosCommonDemo;
			};
			name = Release;
		};
/* End XCBuildConfiguration section */

/* Begin XCConfigurationList section */
		7A4A05CC23AB7C800047E1F4 /* Build configuration list for PBXProject "IosCommonDemo" */ = {
			isa = XCConfigurationList;
			buildConfigurations = (
				7A4A05F323AB7C810047E1F4 /* Debug */,
				7A4A05F423AB7C810047E1F4 /* Release */,
			);
			defaultConfigurationIsVisible = 0;
			defaultConfigurationName = Release;
		};
		7A4A05F523AB7C810047E1F4 /* Build configuration list for PBXNativeTarget "IosCommonDemo" */ = {
			isa = XCConfigurationList;
			buildConfigurations = (
				7A4A05F623AB7C810047E1F4 /* Debug */,
				7A4A05F723AB7C810047E1F4 /* Release */,
			);
			defaultConfigurationIsVisible = 0;
			defaultConfigurationName = Release;
		};
		7A4A05F823AB7C810047E1F4 /* Build configuration list for PBXNativeTarget "IosCommonDemoUITests" */ = {
			isa = XCConfigurationList;
			buildConfigurations = (
				7A4A05F923AB7C810047E1F4 /* Debug */,
				7A4A05FA23AB7C810047E1F4 /* Release */,
			);
			defaultConfigurationIsVisible = 0;
			defaultConfigurationName = Release;
		};
/* End XCConfigurationList section */
	};
	rootObject = 7A4A05C923AB7C800047E1F4 /* Project object */;
}
